github.com/BondMachineHQ/BondMachine v0.0.0-20220804131053-2ba1c42ab618 h1:Dnm8nzws4Yi832KVQSDuNoFNXfu+9MhZ0sX8f2m0/cI=
github.com/BondMachineHQ/BondMachine v0.0.0-20220804131053-2ba1c42ab618/go.mod h1:Wp5d62fagvXN3W18ho105CBMWpm/XY5AQr77MHPg9xw=
github.com/antlr/antlr4/runtime/Go/antlr v0.0.0-20220722194653-14703f21b580 h1:rfAZfq1LjIhVCFsBp2MoXxVvgtCyZUOtzsV8azhR1Jk=
github.com/antlr/antlr4/runtime/Go/antlr v0.0.0-20220722194653-14703f21b580/go.mod h1:F7bn7fEU90QkQ3tnmaTx3LTKLEDqnwWODIYppRQ5hnY=
