github.com/BondMachineHQ/BondMachine/nnef2bm/nnef2bm_parser v0.0.0-20220804130225-600cbb60eff5 h1:OMOKxvrc9NRgJE9rHyNj3ras38j9LKXPV3eRB4m1wCA=
github.com/BondMachineHQ/BondMachine/nnef2bm/nnef2bm_parser v0.0.0-20220804130225-600cbb60eff5/go.mod h1:CLpk/BSSEWlppBBeIqwA973AYT4ahvt5fCTttPSbZAo=
github.com/antlr/antlr4/runtime/Go/antlr v0.0.0-20220722194653-14703f21b580 h1:rfAZfq1LjIhVCFsBp2MoXxVvgtCyZUOtzsV8azhR1Jk=
github.com/antlr/antlr4/runtime/Go/antlr v0.0.0-20220722194653-14703f21b580/go.mod h1:F7bn7fEU90QkQ3tnmaTx3LTKLEDqnwWODIYppRQ5hnY=
